
Microsoft Visual Studio Solution File, Format Version 12.00
# Visual Studio Version 17
VisualStudioVersion = 17.14.36221.1
MinimumVisualStudioVersion = 10.0.40219.1
Project("{FAE04EC0-301F-11D3-BF4B-00C04F79EFBC}") = "CouplesGames.Application", "CouplesGames.Application\CouplesGames.Application.csproj", "{FD53F8EE-EA52-82E6-7E00-AFC087142292}"
EndProject
Project("{FAE04EC0-301F-11D3-BF4B-00C04F79EFBC}") = "CouplesGames.Core", "CouplesGames.Core\CouplesGames.Core.csproj", "{CE314C7B-5C46-253E-2038-09381789D337}"
EndProject
Project("{FAE04EC0-301F-11D3-BF4B-00C04F79EFBC}") = "CouplesGames.Infrastructure", "CouplesGames.Infrastructure\CouplesGames.Infrastructure.csproj", "{CBEE373E-CF5E-99EA-245C-C9651773358A}"
EndProject
Project("{FAE04EC0-301F-11D3-BF4B-00C04F79EFBC}") = "CouplesGames.Tests", "CouplesGames.Tests\CouplesGames.Tests.csproj", "{1A64468B-34DF-1D44-E3B6-56DF2F61A147}"
EndProject
Project("{FAE04EC0-301F-11D3-BF4B-00C04F79EFBC}") = "CouplesGames.WebAPI", "CouplesGames.WebAPI\CouplesGames.WebAPI.csproj", "{AD318EBA-F36E-76C3-D14F-17E43291E629}"
EndProject
Project("{54A90642-561A-4BB1-A94E-469ADEE60C69}") = "CouplesGames.UI", "CouplesGames.UI\CouplesGames.UI.esproj", "{E550BCE5-9DBD-972C-2AD2-66305CA1C95F}"
EndProject
Global
	GlobalSection(SolutionConfigurationPlatforms) = preSolution
		Debug|Any CPU = Debug|Any CPU
		Release|Any CPU = Release|Any CPU
	EndGlobalSection
	GlobalSection(ProjectConfigurationPlatforms) = postSolution
		{FD53F8EE-EA52-82E6-7E00-AFC087142292}.Debug|Any CPU.ActiveCfg = Debug|Any CPU
		{FD53F8EE-EA52-82E6-7E00-AFC087142292}.Debug|Any CPU.Build.0 = Debug|Any CPU
		{FD53F8EE-EA52-82E6-7E00-AFC087142292}.Release|Any CPU.ActiveCfg = Release|Any CPU
		{FD53F8EE-EA52-82E6-7E00-AFC087142292}.Release|Any CPU.Build.0 = Release|Any CPU
		{CE314C7B-5C46-253E-2038-09381789D337}.Debug|Any CPU.ActiveCfg = Debug|Any CPU
		{CE314C7B-5C46-253E-2038-09381789D337}.Debug|Any CPU.Build.0 = Debug|Any CPU
		{CE314C7B-5C46-253E-2038-09381789D337}.Release|Any CPU.ActiveCfg = Release|Any CPU
		{CE314C7B-5C46-253E-2038-09381789D337}.Release|Any CPU.Build.0 = Release|Any CPU
		{CBEE373E-CF5E-99EA-245C-C9651773358A}.Debug|Any CPU.ActiveCfg = Debug|Any CPU
		{CBEE373E-CF5E-99EA-245C-C9651773358A}.Debug|Any CPU.Build.0 = Debug|Any CPU
		{CBEE373E-CF5E-99EA-245C-C9651773358A}.Release|Any CPU.ActiveCfg = Release|Any CPU
		{CBEE373E-CF5E-99EA-245C-C9651773358A}.Release|Any CPU.Build.0 = Release|Any CPU
		{1A64468B-34DF-1D44-E3B6-56DF2F61A147}.Debug|Any CPU.ActiveCfg = Debug|Any CPU
		{1A64468B-34DF-1D44-E3B6-56DF2F61A147}.Debug|Any CPU.Build.0 = Debug|Any CPU
		{1A64468B-34DF-1D44-E3B6-56DF2F61A147}.Release|Any CPU.ActiveCfg = Release|Any CPU
		{1A64468B-34DF-1D44-E3B6-56DF2F61A147}.Release|Any CPU.Build.0 = Release|Any CPU
		{AD318EBA-F36E-76C3-D14F-17E43291E629}.Debug|Any CPU.ActiveCfg = Debug|Any CPU
		{AD318EBA-F36E-76C3-D14F-17E43291E629}.Debug|Any CPU.Build.0 = Debug|Any CPU
		{AD318EBA-F36E-76C3-D14F-17E43291E629}.Release|Any CPU.ActiveCfg = Release|Any CPU
		{AD318EBA-F36E-76C3-D14F-17E43291E629}.Release|Any CPU.Build.0 = Release|Any CPU
		{E550BCE5-9DBD-972C-2AD2-66305CA1C95F}.Debug|Any CPU.ActiveCfg = Debug|Any CPU
		{E550BCE5-9DBD-972C-2AD2-66305CA1C95F}.Debug|Any CPU.Build.0 = Debug|Any CPU
		{E550BCE5-9DBD-972C-2AD2-66305CA1C95F}.Debug|Any CPU.Deploy.0 = Debug|Any CPU
		{E550BCE5-9DBD-972C-2AD2-66305CA1C95F}.Release|Any CPU.ActiveCfg = Release|Any CPU
		{E550BCE5-9DBD-972C-2AD2-66305CA1C95F}.Release|Any CPU.Build.0 = Release|Any CPU
		{E550BCE5-9DBD-972C-2AD2-66305CA1C95F}.Release|Any CPU.Deploy.0 = Release|Any CPU
	EndGlobalSection
	GlobalSection(SolutionProperties) = preSolution
		HideSolutionNode = FALSE
	EndGlobalSection
	GlobalSection(ExtensibilityGlobals) = postSolution
		SolutionGuid = {15C4BDB6-C053-491D-BA38-285EF06312A5}
	EndGlobalSection
EndGlobal
